// !$*UTF8*$!
{
	archiveVersion = 1;
	classes = {
	};
	objectVersion = 48;
	objects = {

/* Begin PBXBuildFile section */
		DB0F6C83205520A4001AEA75 /* AVFoundation.framework in Frameworks */ = {isa = PBXBuildFile; fileRef = DB0F6C82205520A4001AEA75 /* AVFoundation.framework */; };
		DB17C8322112FB1E00659169 /* Game.cpp in Sources */ = {isa = PBXBuildFile; fileRef = DB17C8282112FB1E00659169 /* Game.cpp */; };
		DB17C8332112FB1E00659169 /* RBColor.cpp in Sources */ = {isa = PBXBuildFile; fileRef = DB17C82A2112FB1E00659169 /* RBColor.cpp */; };
		DB17C8342112FB1E00659169 /* GameObject.cpp in Sources */ = {isa = PBXBuildFile; fileRef = DB17C82D2112FB1E00659169 /* GameObject.cpp */; };
		DB17C8352112FB1E00659169 /* RBRenderHelper.cpp in Sources */ = {isa = PBXBuildFile; fileRef = DB17C82F2112FB1E00659169 /* RBRenderHelper.cpp */; };
		DB17C8362112FB1E00659169 /* RBVector2.cpp in Sources */ = {isa = PBXBuildFile; fileRef = DB17C8302112FB1E00659169 /* RBVector2.cpp */; };
		DB17C8402113077C00659169 /* Pong.cpp in Sources */ = {isa = PBXBuildFile; fileRef = DB17C83E2113077C00659169 /* Pong.cpp */; };
		DB17C845211315DD00659169 /* OpenGLES.framework in Frameworks */ = {isa = PBXBuildFile; fileRef = DB17C844211315DD00659169 /* OpenGLES.framework */; };
		DB17C847211315E400659169 /* GLKit.framework in Frameworks */ = {isa = PBXBuildFile; fileRef = DB17C846211315E400659169 /* GLKit.framework */; };
		DB17C849211316B700659169 /* QuartzCore.framework in Frameworks */ = {isa = PBXBuildFile; fileRef = DB17C848211316B700659169 /* QuartzCore.framework */; };
		DB17C84B211316BF00659169 /* UIKit.framework in Frameworks */ = {isa = PBXBuildFile; fileRef = DB17C84A211316BF00659169 /* UIKit.framework */; };
		DB17C84D211316C800659169 /* CoreGraphics.framework in Frameworks */ = {isa = PBXBuildFile; fileRef = DB17C84C211316C800659169 /* CoreGraphics.framework */; };
		DB2CC12E210F1B4C00AADDCF /* RBVector2.cpp in Sources */ = {isa = PBXBuildFile; fileRef = DB2CC12C210F1B4C00AADDCF /* RBVector2.cpp */; };
		DB2CC131210F1DEE00AADDCF /* GameObject.cpp in Sources */ = {isa = PBXBuildFile; fileRef = DB2CC12F210F1DEE00AADDCF /* GameObject.cpp */; };
		DB2CC134210F211C00AADDCF /* RBRenderHelper.cpp in Sources */ = {isa = PBXBuildFile; fileRef = DB2CC132210F211C00AADDCF /* RBRenderHelper.cpp */; };
		DB2CC137210F383100AADDCF /* Pong.cpp in Sources */ = {isa = PBXBuildFile; fileRef = DB2CC135210F383100AADDCF /* Pong.cpp */; };
		DB2CC146210F6D2800AADDCF /* OpenGL.framework in Frameworks */ = {isa = PBXBuildFile; fileRef = DB2CC145210F6D2800AADDCF /* OpenGL.framework */; };
		DB2CC14C210F6D7600AADDCF /* RBNSOpenGLView.mm in Sources */ = {isa = PBXBuildFile; fileRef = DB2CC147210F6D7500AADDCF /* RBNSOpenGLView.mm */; };
		DB2CC14D210F6D7600AADDCF /* main.m in Sources */ = {isa = PBXBuildFile; fileRef = DB2CC148210F6D7500AADDCF /* main.m */; };
		DB2CC14E210F6D7600AADDCF /* AppDelegate.mm in Sources */ = {isa = PBXBuildFile; fileRef = DB2CC14A210F6D7600AADDCF /* AppDelegate.mm */; };
		DB2CC150210F6E0800AADDCF /* OpenGL.framework in Frameworks */ = {isa = PBXBuildFile; fileRef = DB2CC145210F6D2800AADDCF /* OpenGL.framework */; };
		DB2CC157210F6E8400AADDCF /* RBNSOpenGLView.mm in Sources */ = {isa = PBXBuildFile; fileRef = DB2CC153210F6E8400AADDCF /* RBNSOpenGLView.mm */; };
		DB2CC158210F6E8400AADDCF /* AppDelegate.mm in Sources */ = {isa = PBXBuildFile; fileRef = DB2CC154210F6E8400AADDCF /* AppDelegate.mm */; };
		DB2CC159210F6E8400AADDCF /* main.m in Sources */ = {isa = PBXBuildFile; fileRef = DB2CC155210F6E8400AADDCF /* main.m */; };
		DB8E380F21135A7C00BE1F89 /* ViewController.mm in Sources */ = {isa = PBXBuildFile; fileRef = DB8E380C21135A7C00BE1F89 /* ViewController.mm */; };
		DB8E381321136C8100BE1F89 /* EAGLView.mm in Sources */ = {isa = PBXBuildFile; fileRef = DB8E381221136C8100BE1F89 /* EAGLView.mm */; };
		DB8E38152114555D00BE1F89 /* TouchView.mm in Sources */ = {isa = PBXBuildFile; fileRef = DB8E38142114555D00BE1F89 /* TouchView.mm */; };
		DB90972C210F8D7B00968AC6 /* RBColor.cpp in Sources */ = {isa = PBXBuildFile; fileRef = DB90972A210F8D7B00968AC6 /* RBColor.cpp */; };
		DB90973D2112F95500968AC6 /* Assets.xcassets in Resources */ = {isa = PBXBuildFile; fileRef = DB90973C2112F95500968AC6 /* Assets.xcassets */; };
		DB9097402112F95500968AC6 /* LaunchScreen.storyboard in Resources */ = {isa = PBXBuildFile; fileRef = DB90973E2112F95500968AC6 /* LaunchScreen.storyboard */; };
		DB90974C2112F9EC00968AC6 /* main.m in Sources */ = {isa = PBXBuildFile; fileRef = DB9097472112F9EC00968AC6 /* main.m */; };
		DB90974D2112F9EC00968AC6 /* AppDelegate.mm in Sources */ = {isa = PBXBuildFile; fileRef = DB9097482112F9EC00968AC6 /* AppDelegate.mm */; };
		DBE89A732109A1BA0062B141 /* Game.cpp in Sources */ = {isa = PBXBuildFile; fileRef = DBE89A712109A1BA0062B141 /* Game.cpp */; };
		DBE89A76210A61B30062B141 /* Info.plist in Resources */ = {isa = PBXBuildFile; fileRef = DBE89A75210A61B30062B141 /* Info.plist */; };
		DBE89A91210A62790062B141 /* Game.cpp in Sources */ = {isa = PBXBuildFile; fileRef = DBE89A8F210A62790062B141 /* Game.cpp */; };
/* End PBXBuildFile section */

/* Begin PBXFileReference section */
		DB0F6C82205520A4001AEA75 /* AVFoundation.framework */ = {isa = PBXFileReference; lastKnownFileType = wrapper.framework; name = AVFoundation.framework; path = Platforms/MacOSX.platform/Developer/SDKs/MacOSX10.13.sdk/System/Library/Frameworks/AVFoundation.framework; sourceTree = DEVELOPER_DIR; };
		DB17C8282112FB1E00659169 /* Game.cpp */ = {isa = PBXFileReference; fileEncoding = 4; lastKnownFileType = sourcecode.cpp.cpp; path = Game.cpp; sourceTree = "<group>"; };
		DB17C8292112FB1E00659169 /* Game.hpp */ = {isa = PBXFileReference; fileEncoding = 4; lastKnownFileType = sourcecode.cpp.h; path = Game.hpp; sourceTree = "<group>"; };
		DB17C82A2112FB1E00659169 /* RBColor.cpp */ = {isa = PBXFileReference; fileEncoding = 4; lastKnownFileType = sourcecode.cpp.cpp; path = RBColor.cpp; sourceTree = "<group>"; };
		DB17C82B2112FB1E00659169 /* RBVector2.hpp */ = {isa = PBXFileReference; fileEncoding = 4; lastKnownFileType = sourcecode.cpp.h; path = RBVector2.hpp; sourceTree = "<group>"; };
		DB17C82C2112FB1E00659169 /* GameObject.hpp */ = {isa = PBXFileReference; fileEncoding = 4; lastKnownFileType = sourcecode.cpp.h; path = GameObject.hpp; sourceTree = "<group>"; };
		DB17C82D2112FB1E00659169 /* GameObject.cpp */ = {isa = PBXFileReference; fileEncoding = 4; lastKnownFileType = sourcecode.cpp.cpp; path = GameObject.cpp; sourceTree = "<group>"; };
		DB17C82E2112FB1E00659169 /* RBRenderHelper.hpp */ = {isa = PBXFileReference; fileEncoding = 4; lastKnownFileType = sourcecode.cpp.h; path = RBRenderHelper.hpp; sourceTree = "<group>"; };
		DB17C82F2112FB1E00659169 /* RBRenderHelper.cpp */ = {isa = PBXFileReference; fileEncoding = 4; lastKnownFileType = sourcecode.cpp.cpp; path = RBRenderHelper.cpp; sourceTree = "<group>"; };
		DB17C8302112FB1E00659169 /* RBVector2.cpp */ = {isa = PBXFileReference; fileEncoding = 4; lastKnownFileType = sourcecode.cpp.cpp; path = RBVector2.cpp; sourceTree = "<group>"; };
		DB17C8312112FB1E00659169 /* RBColor.hpp */ = {isa = PBXFileReference; fileEncoding = 4; lastKnownFileType = sourcecode.cpp.h; path = RBColor.hpp; sourceTree = "<group>"; };
		DB17C83E2113077C00659169 /* Pong.cpp */ = {isa = PBXFileReference; fileEncoding = 4; lastKnownFileType = sourcecode.cpp.cpp; path = Pong.cpp; sourceTree = "<group>"; };
		DB17C83F2113077C00659169 /* Pong.hpp */ = {isa = PBXFileReference; fileEncoding = 4; lastKnownFileType = sourcecode.cpp.h; path = Pong.hpp; sourceTree = "<group>"; };
		DB17C844211315DD00659169 /* OpenGLES.framework */ = {isa = PBXFileReference; lastKnownFileType = wrapper.framework; name = OpenGLES.framework; path = System/Library/Frameworks/OpenGLES.framework; sourceTree = SDKROOT; };
		DB17C846211315E400659169 /* GLKit.framework */ = {isa = PBXFileReference; lastKnownFileType = wrapper.framework; name = GLKit.framework; path = System/Library/Frameworks/GLKit.framework; sourceTree = SDKROOT; };
		DB17C848211316B700659169 /* QuartzCore.framework */ = {isa = PBXFileReference; lastKnownFileType = wrapper.framework; name = QuartzCore.framework; path = System/Library/Frameworks/QuartzCore.framework; sourceTree = SDKROOT; };
		DB17C84A211316BF00659169 /* UIKit.framework */ = {isa = PBXFileReference; lastKnownFileType = wrapper.framework; name = UIKit.framework; path = System/Library/Frameworks/UIKit.framework; sourceTree = SDKROOT; };
		DB17C84C211316C800659169 /* CoreGraphics.framework */ = {isa = PBXFileReference; lastKnownFileType = wrapper.framework; name = CoreGraphics.framework; path = System/Library/Frameworks/CoreGraphics.framework; sourceTree = SDKROOT; };
		DB2CC12C210F1B4C00AADDCF /* RBVector2.cpp */ = {isa = PBXFileReference; lastKnownFileType = sourcecode.cpp.cpp; path = RBVector2.cpp; sourceTree = "<group>"; };
		DB2CC12D210F1B4C00AADDCF /* RBVector2.hpp */ = {isa = PBXFileReference; lastKnownFileType = sourcecode.cpp.h; path = RBVector2.hpp; sourceTree = "<group>"; };
		DB2CC12F210F1DEE00AADDCF /* GameObject.cpp */ = {isa = PBXFileReference; lastKnownFileType = sourcecode.cpp.cpp; path = GameObject.cpp; sourceTree = "<group>"; };
		DB2CC130210F1DEE00AADDCF /* GameObject.hpp */ = {isa = PBXFileReference; lastKnownFileType = sourcecode.cpp.h; path = GameObject.hpp; sourceTree = "<group>"; };
		DB2CC132210F211C00AADDCF /* RBRenderHelper.cpp */ = {isa = PBXFileReference; lastKnownFileType = sourcecode.cpp.cpp; path = RBRenderHelper.cpp; sourceTree = "<group>"; };
		DB2CC133210F211C00AADDCF /* RBRenderHelper.hpp */ = {isa = PBXFileReference; lastKnownFileType = sourcecode.cpp.h; path = RBRenderHelper.hpp; sourceTree = "<group>"; };
		DB2CC135210F383100AADDCF /* Pong.cpp */ = {isa = PBXFileReference; lastKnownFileType = sourcecode.cpp.cpp; path = Pong.cpp; sourceTree = "<group>"; };
		DB2CC136210F383100AADDCF /* Pong.hpp */ = {isa = PBXFileReference; lastKnownFileType = sourcecode.cpp.h; path = Pong.hpp; sourceTree = "<group>"; };
		DB2CC145210F6D2800AADDCF /* OpenGL.framework */ = {isa = PBXFileReference; lastKnownFileType = wrapper.framework; name = OpenGL.framework; path = Platforms/MacOSX.platform/Developer/SDKs/MacOSX10.13.sdk/System/Library/Frameworks/OpenGL.framework; sourceTree = DEVELOPER_DIR; };
		DB2CC147210F6D7500AADDCF /* RBNSOpenGLView.mm */ = {isa = PBXFileReference; fileEncoding = 4; lastKnownFileType = sourcecode.cpp.objcpp; path = RBNSOpenGLView.mm; sourceTree = "<group>"; };
		DB2CC148210F6D7500AADDCF /* main.m */ = {isa = PBXFileReference; fileEncoding = 4; lastKnownFileType = sourcecode.c.objc; path = main.m; sourceTree = "<group>"; };
		DB2CC149210F6D7500AADDCF /* AppDelegate.h */ = {isa = PBXFileReference; fileEncoding = 4; lastKnownFileType = sourcecode.c.h; path = AppDelegate.h; sourceTree = "<group>"; };
		DB2CC14A210F6D7600AADDCF /* AppDelegate.mm */ = {isa = PBXFileReference; fileEncoding = 4; lastKnownFileType = sourcecode.cpp.objcpp; path = AppDelegate.mm; sourceTree = "<group>"; };
		DB2CC14B210F6D7600AADDCF /* RBNSOpenGLView.h */ = {isa = PBXFileReference; fileEncoding = 4; lastKnownFileType = sourcecode.c.h; path = RBNSOpenGLView.h; sourceTree = "<group>"; };
		DB2CC152210F6E8400AADDCF /* AppDelegate.h */ = {isa = PBXFileReference; fileEncoding = 4; lastKnownFileType = sourcecode.c.h; path = AppDelegate.h; sourceTree = "<group>"; };
		DB2CC153210F6E8400AADDCF /* RBNSOpenGLView.mm */ = {isa = PBXFileReference; fileEncoding = 4; lastKnownFileType = sourcecode.cpp.objcpp; path = RBNSOpenGLView.mm; sourceTree = "<group>"; };
		DB2CC154210F6E8400AADDCF /* AppDelegate.mm */ = {isa = PBXFileReference; fileEncoding = 4; lastKnownFileType = sourcecode.cpp.objcpp; path = AppDelegate.mm; sourceTree = "<group>"; };
		DB2CC155210F6E8400AADDCF /* main.m */ = {isa = PBXFileReference; fileEncoding = 4; lastKnownFileType = sourcecode.c.objc; path = main.m; sourceTree = "<group>"; };
		DB2CC156210F6E8400AADDCF /* RBNSOpenGLView.h */ = {isa = PBXFileReference; fileEncoding = 4; lastKnownFileType = sourcecode.c.h; path = RBNSOpenGLView.h; sourceTree = "<group>"; };
		DB3083DF20545E3D00971FCF /* AVFoundation.framework */ = {isa = PBXFileReference; lastKnownFileType = wrapper.framework; name = AVFoundation.framework; path = System/Library/Frameworks/AVFoundation.framework; sourceTree = SDKROOT; };
		DB308470205514EC00971FCF /* partI.app */ = {isa = PBXFileReference; explicitFileType = wrapper.application; includeInIndex = 0; path = partI.app; sourceTree = BUILT_PRODUCTS_DIR; };
		DB8E380C21135A7C00BE1F89 /* ViewController.mm */ = {isa = PBXFileReference; fileEncoding = 4; lastKnownFileType = sourcecode.cpp.objcpp; path = ViewController.mm; sourceTree = "<group>"; };
		DB8E381121136C8100BE1F89 /* EAGLView.h */ = {isa = PBXFileReference; fileEncoding = 4; lastKnownFileType = sourcecode.c.h; path = EAGLView.h; sourceTree = "<group>"; };
		DB8E381221136C8100BE1F89 /* EAGLView.mm */ = {isa = PBXFileReference; fileEncoding = 4; lastKnownFileType = sourcecode.cpp.objcpp; path = EAGLView.mm; sourceTree = "<group>"; };
		DB8E38142114555D00BE1F89 /* TouchView.mm */ = {isa = PBXFileReference; lastKnownFileType = sourcecode.cpp.objcpp; path = TouchView.mm; sourceTree = "<group>"; };
		DB8E38162114556F00BE1F89 /* TouchView.h */ = {isa = PBXFileReference; lastKnownFileType = sourcecode.c.h; path = TouchView.h; sourceTree = "<group>"; };
		DB90972A210F8D7B00968AC6 /* RBColor.cpp */ = {isa = PBXFileReference; lastKnownFileType = sourcecode.cpp.cpp; path = RBColor.cpp; sourceTree = "<group>"; };
		DB90972B210F8D7B00968AC6 /* RBColor.hpp */ = {isa = PBXFileReference; lastKnownFileType = sourcecode.cpp.h; path = RBColor.hpp; sourceTree = "<group>"; };
		DB9097312112F95300968AC6 /* partIII.app */ = {isa = PBXFileReference; explicitFileType = wrapper.application; includeInIndex = 0; path = partIII.app; sourceTree = BUILT_PRODUCTS_DIR; };
		DB90973C2112F95500968AC6 /* Assets.xcassets */ = {isa = PBXFileReference; lastKnownFileType = folder.assetcatalog; path = Assets.xcassets; sourceTree = "<group>"; };
		DB90973F2112F95500968AC6 /* Base */ = {isa = PBXFileReference; lastKnownFileType = file.storyboard; name = Base; path = Base.lproj/LaunchScreen.storyboard; sourceTree = "<group>"; };
		DB9097412112F95500968AC6 /* Info.plist */ = {isa = PBXFileReference; lastKnownFileType = text.plist.xml; path = Info.plist; sourceTree = "<group>"; };
		DB9097472112F9EC00968AC6 /* main.m */ = {isa = PBXFileReference; fileEncoding = 4; lastKnownFileType = sourcecode.c.objc; path = main.m; sourceTree = "<group>"; };
		DB9097482112F9EC00968AC6 /* AppDelegate.mm */ = {isa = PBXFileReference; fileEncoding = 4; lastKnownFileType = sourcecode.cpp.objcpp; path = AppDelegate.mm; sourceTree = "<group>"; };
		DB90974A2112F9EC00968AC6 /* AppDelegate.h */ = {isa = PBXFileReference; fileEncoding = 4; lastKnownFileType = sourcecode.c.h; path = AppDelegate.h; sourceTree = "<group>"; };
		DB90974B2112F9EC00968AC6 /* ViewController.h */ = {isa = PBXFileReference; fileEncoding = 4; lastKnownFileType = sourcecode.c.h; path = ViewController.h; sourceTree = "<group>"; };
		DBE89A712109A1BA0062B141 /* Game.cpp */ = {isa = PBXFileReference; lastKnownFileType = sourcecode.cpp.cpp; path = Game.cpp; sourceTree = "<group>"; };
		DBE89A722109A1BA0062B141 /* Game.hpp */ = {isa = PBXFileReference; lastKnownFileType = sourcecode.cpp.h; path = Game.hpp; sourceTree = "<group>"; };
		DBE89A742109A9040062B141 /* README.md */ = {isa = PBXFileReference; lastKnownFileType = net.daringfireball.markdown; path = README.md; sourceTree = "<group>"; };
		DBE89A75210A61B30062B141 /* Info.plist */ = {isa = PBXFileReference; fileEncoding = 4; lastKnownFileType = text.plist.xml; path = Info.plist; sourceTree = "<group>"; };
		DBE89A7B210A620E0062B141 /* partII.app */ = {isa = PBXFileReference; explicitFileType = wrapper.application; includeInIndex = 0; path = partII.app; sourceTree = BUILT_PRODUCTS_DIR; };
		DBE89A85210A62100062B141 /* Info.plist */ = {isa = PBXFileReference; lastKnownFileType = text.plist.xml; path = Info.plist; sourceTree = "<group>"; };
		DBE89A8F210A62790062B141 /* Game.cpp */ = {isa = PBXFileReference; fileEncoding = 4; lastKnownFileType = sourcecode.cpp.cpp; path = Game.cpp; sourceTree = "<group>"; };
		DBE89A90210A62790062B141 /* Game.hpp */ = {isa = PBXFileReference; fileEncoding = 4; lastKnownFileType = sourcecode.cpp.h; path = Game.hpp; sourceTree = "<group>"; };
/* End PBXFileReference section */

/* Begin PBXFrameworksBuildPhase section */
		DB30846D205514EC00971FCF /* Frameworks */ = {
			isa = PBXFrameworksBuildPhase;
			buildActionMask = 2147483647;
			files = (
				DB2CC146210F6D2800AADDCF /* OpenGL.framework in Frameworks */,
				DB0F6C83205520A4001AEA75 /* AVFoundation.framework in Frameworks */,
			);
			runOnlyForDeploymentPostprocessing = 0;
		};
		DB90972E2112F95300968AC6 /* Frameworks */ = {
			isa = PBXFrameworksBuildPhase;
			buildActionMask = 2147483647;
			files = (
				DB17C84D211316C800659169 /* CoreGraphics.framework in Frameworks */,
				DB17C84B211316BF00659169 /* UIKit.framework in Frameworks */,
				DB17C849211316B700659169 /* QuartzCore.framework in Frameworks */,
				DB17C847211315E400659169 /* GLKit.framework in Frameworks */,
				DB17C845211315DD00659169 /* OpenGLES.framework in Frameworks */,
			);
			runOnlyForDeploymentPostprocessing = 0;
		};
		DBE89A78210A620E0062B141 /* Frameworks */ = {
			isa = PBXFrameworksBuildPhase;
			buildActionMask = 2147483647;
			files = (
				DB2CC150210F6E0800AADDCF /* OpenGL.framework in Frameworks */,
			);
			runOnlyForDeploymentPostprocessing = 0;
		};
/* End PBXFrameworksBuildPhase section */

/* Begin PBXGroup section */
		DB17C8272112FAF100659169 /* base */ = {
			isa = PBXGroup;
			children = (
				DB17C8312112FB1E00659169 /* RBColor.hpp */,
				DB17C82A2112FB1E00659169 /* RBColor.cpp */,
				DB17C82E2112FB1E00659169 /* RBRenderHelper.hpp */,
				DB17C82F2112FB1E00659169 /* RBRenderHelper.cpp */,
				DB17C82B2112FB1E00659169 /* RBVector2.hpp */,
				DB17C8302112FB1E00659169 /* RBVector2.cpp */,
			);
			name = base;
			sourceTree = "<group>";
		};
		DB17C8372112FB3400659169 /* engine */ = {
			isa = PBXGroup;
			children = (
				DB17C82C2112FB1E00659169 /* GameObject.hpp */,
				DB17C82D2112FB1E00659169 /* GameObject.cpp */,
				DB17C8292112FB1E00659169 /* Game.hpp */,
				DB17C8282112FB1E00659169 /* Game.cpp */,
			);
			name = engine;
			sourceTree = "<group>";
		};
		DB17C8412113078900659169 /* engine */ = {
			isa = PBXGroup;
			children = (
				DB2CC130210F1DEE00AADDCF /* GameObject.hpp */,
				DB2CC12F210F1DEE00AADDCF /* GameObject.cpp */,
				DBE89A90210A62790062B141 /* Game.hpp */,
				DBE89A8F210A62790062B141 /* Game.cpp */,
			);
			name = engine;
			sourceTree = "<group>";
		};
		DB2CC14F210F6DCC00AADDCF /* boilerplate */ = {
			isa = PBXGroup;
			children = (
				DB2CC14B210F6D7600AADDCF /* RBNSOpenGLView.h */,
				DB2CC147210F6D7500AADDCF /* RBNSOpenGLView.mm */,
				DB2CC149210F6D7500AADDCF /* AppDelegate.h */,
				DB2CC14A210F6D7600AADDCF /* AppDelegate.mm */,
				DB2CC148210F6D7500AADDCF /* main.m */,
				DBE89A75210A61B30062B141 /* Info.plist */,
			);
			name = boilerplate;
			sourceTree = "<group>";
		};
		DB2CC151210F6E7200AADDCF /* boilerplate */ = {
			isa = PBXGroup;
			children = (
				DB2CC156210F6E8400AADDCF /* RBNSOpenGLView.h */,
				DB2CC153210F6E8400AADDCF /* RBNSOpenGLView.mm */,
				DB2CC152210F6E8400AADDCF /* AppDelegate.h */,
				DB2CC154210F6E8400AADDCF /* AppDelegate.mm */,
				DB2CC155210F6E8400AADDCF /* main.m */,
				DBE89A85210A62100062B141 /* Info.plist */,
			);
			name = boilerplate;
			sourceTree = "<group>";
		};
		DB30838D20545C5800971FCF = {
			isa = PBXGroup;
			children = (
				DBE89A742109A9040062B141 /* README.md */,
				DB308471205514EC00971FCF /* partI */,
				DBE89A7C210A620E0062B141 /* partII */,
				DB9097322112F95400968AC6 /* partIII */,
				DB30839720545C5800971FCF /* Products */,
				DB3083DE20545E3D00971FCF /* Frameworks */,
			);
			sourceTree = "<group>";
		};
		DB30839720545C5800971FCF /* Products */ = {
			isa = PBXGroup;
			children = (
				DB308470205514EC00971FCF /* partI.app */,
				DBE89A7B210A620E0062B141 /* partII.app */,
				DB9097312112F95300968AC6 /* partIII.app */,
			);
			name = Products;
			sourceTree = "<group>";
		};
		DB3083DE20545E3D00971FCF /* Frameworks */ = {
			isa = PBXGroup;
			children = (
				DB17C84C211316C800659169 /* CoreGraphics.framework */,
				DB17C84A211316BF00659169 /* UIKit.framework */,
				DB17C848211316B700659169 /* QuartzCore.framework */,
				DB17C846211315E400659169 /* GLKit.framework */,
				DB17C844211315DD00659169 /* OpenGLES.framework */,
				DB2CC145210F6D2800AADDCF /* OpenGL.framework */,
				DB0F6C82205520A4001AEA75 /* AVFoundation.framework */,
				DB3083DF20545E3D00971FCF /* AVFoundation.framework */,
			);
			name = Frameworks;
			sourceTree = "<group>";
		};
		DB308471205514EC00971FCF /* partI */ = {
			isa = PBXGroup;
			children = (
				DB2CC14F210F6DCC00AADDCF /* boilerplate */,
				DBE89A722109A1BA0062B141 /* Game.hpp */,
				DBE89A712109A1BA0062B141 /* Game.cpp */,
			);
			path = partI;
			sourceTree = "<group>";
		};
		DB909729210F6F1800968AC6 /* base */ = {
			isa = PBXGroup;
			children = (
				DB90972B210F8D7B00968AC6 /* RBColor.hpp */,
				DB90972A210F8D7B00968AC6 /* RBColor.cpp */,
				DB2CC12D210F1B4C00AADDCF /* RBVector2.hpp */,
				DB2CC12C210F1B4C00AADDCF /* RBVector2.cpp */,
				DB2CC133210F211C00AADDCF /* RBRenderHelper.hpp */,
				DB2CC132210F211C00AADDCF /* RBRenderHelper.cpp */,
			);
			name = base;
			sourceTree = "<group>";
		};
		DB9097322112F95400968AC6 /* partIII */ = {
			isa = PBXGroup;
			children = (
				DB90974F2112F9F900968AC6 /* boilerplate */,
				DB17C8272112FAF100659169 /* base */,
				DB17C8372112FB3400659169 /* engine */,
				DB17C83F2113077C00659169 /* Pong.hpp */,
				DB17C83E2113077C00659169 /* Pong.cpp */,
			);
			path = partIII;
			sourceTree = "<group>";
		};
		DB90974F2112F9F900968AC6 /* boilerplate */ = {
			isa = PBXGroup;
			children = (
				DB8E38162114556F00BE1F89 /* TouchView.h */,
				DB8E38142114555D00BE1F89 /* TouchView.mm */,
				DB8E381121136C8100BE1F89 /* EAGLView.h */,
				DB8E381221136C8100BE1F89 /* EAGLView.mm */,
				DB90974B2112F9EC00968AC6 /* ViewController.h */,
				DB8E380C21135A7C00BE1F89 /* ViewController.mm */,
				DB90974A2112F9EC00968AC6 /* AppDelegate.h */,
				DB9097482112F9EC00968AC6 /* AppDelegate.mm */,
				DB9097472112F9EC00968AC6 /* main.m */,
				DB90973C2112F95500968AC6 /* Assets.xcassets */,
				DB90973E2112F95500968AC6 /* LaunchScreen.storyboard */,
				DB9097412112F95500968AC6 /* Info.plist */,
			);
			name = boilerplate;
			sourceTree = "<group>";
		};
		DBE89A7C210A620E0062B141 /* partII */ = {
			isa = PBXGroup;
			children = (
				DB2CC151210F6E7200AADDCF /* boilerplate */,
				DB909729210F6F1800968AC6 /* base */,
				DB17C8412113078900659169 /* engine */,
				DB2CC136210F383100AADDCF /* Pong.hpp */,
				DB2CC135210F383100AADDCF /* Pong.cpp */,
			);
			path = partII;
			sourceTree = "<group>";
		};
/* End PBXGroup section */

/* Begin PBXNativeTarget section */
		DB30846F205514EC00971FCF /* partI */ = {
			isa = PBXNativeTarget;
			buildConfigurationList = DB30847E205514EC00971FCF /* Build configuration list for PBXNativeTarget "partI" */;
			buildPhases = (
				DB30846C205514EC00971FCF /* Sources */,
				DB30846D205514EC00971FCF /* Frameworks */,
				DB30846E205514EC00971FCF /* Resources */,
			);
			buildRules = (
			);
			dependencies = (
			);
			name = partI;
			productName = blasterMac;
			productReference = DB308470205514EC00971FCF /* partI.app */;
			productType = "com.apple.product-type.application";
		};
		DB9097302112F95300968AC6 /* partIII */ = {
			isa = PBXNativeTarget;
			buildConfigurationList = DB9097442112F95500968AC6 /* Build configuration list for PBXNativeTarget "partIII" */;
			buildPhases = (
				DB90972D2112F95300968AC6 /* Sources */,
				DB90972E2112F95300968AC6 /* Frameworks */,
				DB90972F2112F95300968AC6 /* Resources */,
			);
			buildRules = (
			);
			dependencies = (
			);
			name = partIII;
			productName = partIII;
			productReference = DB9097312112F95300968AC6 /* partIII.app */;
			productType = "com.apple.product-type.application";
		};
		DBE89A7A210A620E0062B141 /* partII */ = {
			isa = PBXNativeTarget;
			buildConfigurationList = DBE89A89210A62100062B141 /* Build configuration list for PBXNativeTarget "partII" */;
			buildPhases = (
				DBE89A77210A620E0062B141 /* Sources */,
				DBE89A78210A620E0062B141 /* Frameworks */,
				DBE89A79210A620E0062B141 /* Resources */,
			);
			buildRules = (
			);
			dependencies = (
			);
			name = partII;
			productName = partII;
			productReference = DBE89A7B210A620E0062B141 /* partII.app */;
			productType = "com.apple.product-type.application";
		};
/* End PBXNativeTarget section */

/* Begin PBXProject section */
		DB30838E20545C5800971FCF /* Project object */ = {
			isa = PBXProject;
			attributes = {
				LastUpgradeCheck = 0920;
				ORGANIZATIONNAME = "Roger Boesch";
				TargetAttributes = {
					DB30846F205514EC00971FCF = {
						CreatedOnToolsVersion = 9.2;
						ProvisioningStyle = Automatic;
					};
					DB9097302112F95300968AC6 = {
						CreatedOnToolsVersion = 9.3;
						ProvisioningStyle = Automatic;
					};
					DBE89A7A210A620E0062B141 = {
						CreatedOnToolsVersion = 9.3;
						ProvisioningStyle = Automatic;
					};
				};
			};
			buildConfigurationList = DB30839120545C5800971FCF /* Build configuration list for PBXProject "opengl" */;
			compatibilityVersion = "Xcode 8.0";
			developmentRegion = en;
			hasScannedForEncodings = 0;
			knownRegions = (
				en,
				Base,
			);
			mainGroup = DB30838D20545C5800971FCF;
			productRefGroup = DB30839720545C5800971FCF /* Products */;
			projectDirPath = "";
			projectRoot = "";
			targets = (
				DB30846F205514EC00971FCF /* partI */,
				DBE89A7A210A620E0062B141 /* partII */,
				DB9097302112F95300968AC6 /* partIII */,
			);
		};
/* End PBXProject section */

/* Begin PBXResourcesBuildPhase section */
		DB30846E205514EC00971FCF /* Resources */ = {
			isa = PBXResourcesBuildPhase;
			buildActionMask = 2147483647;
			files = (
				DBE89A76210A61B30062B141 /* Info.plist in Resources */,
			);
			runOnlyForDeploymentPostprocessing = 0;
		};
		DB90972F2112F95300968AC6 /* Resources */ = {
			isa = PBXResourcesBuildPhase;
			buildActionMask = 2147483647;
			files = (
				DB9097402112F95500968AC6 /* LaunchScreen.storyboard in Resources */,
				DB90973D2112F95500968AC6 /* Assets.xcassets in Resources */,
			);
			runOnlyForDeploymentPostprocessing = 0;
		};
		DBE89A79210A620E0062B141 /* Resources */ = {
			isa = PBXResourcesBuildPhase;
			buildActionMask = 2147483647;
			files = (
			);
			runOnlyForDeploymentPostprocessing = 0;
		};
/* End PBXResourcesBuildPhase section */

/* Begin PBXSourcesBuildPhase section */
		DB30846C205514EC00971FCF /* Sources */ = {
			isa = PBXSourcesBuildPhase;
			buildActionMask = 2147483647;
			files = (
				DB2CC14C210F6D7600AADDCF /* RBNSOpenGLView.mm in Sources */,
				DB2CC14D210F6D7600AADDCF /* main.m in Sources */,
				DB2CC14E210F6D7600AADDCF /* AppDelegate.mm in Sources */,
				DBE89A732109A1BA0062B141 /* Game.cpp in Sources */,
			);
			runOnlyForDeploymentPostprocessing = 0;
		};
		DB90972D2112F95300968AC6 /* Sources */ = {
			isa = PBXSourcesBuildPhase;
			buildActionMask = 2147483647;
			files = (
				DB90974D2112F9EC00968AC6 /* AppDelegate.mm in Sources */,
				DB90974C2112F9EC00968AC6 /* main.m in Sources */,
				DB17C8362112FB1E00659169 /* RBVector2.cpp in Sources */,
				DB17C8402113077C00659169 /* Pong.cpp in Sources */,
				DB17C8322112FB1E00659169 /* Game.cpp in Sources */,
				DB17C8332112FB1E00659169 /* RBColor.cpp in Sources */,
				DB17C8342112FB1E00659169 /* GameObject.cpp in Sources */,
				DB8E381321136C8100BE1F89 /* EAGLView.mm in Sources */,
				DB17C8352112FB1E00659169 /* RBRenderHelper.cpp in Sources */,
				DB8E38152114555D00BE1F89 /* TouchView.mm in Sources */,
				DB8E380F21135A7C00BE1F89 /* ViewController.mm in Sources */,
			);
			runOnlyForDeploymentPostprocessing = 0;
		};
		DBE89A77210A620E0062B141 /* Sources */ = {
			isa = PBXSourcesBuildPhase;
			buildActionMask = 2147483647;
			files = (
				DB2CC12E210F1B4C00AADDCF /* RBVector2.cpp in Sources */,
				DB2CC131210F1DEE00AADDCF /* GameObject.cpp in Sources */,
				DB90972C210F8D7B00968AC6 /* RBColor.cpp in Sources */,
				DB2CC157210F6E8400AADDCF /* RBNSOpenGLView.mm in Sources */,
				DB2CC158210F6E8400AADDCF /* AppDelegate.mm in Sources */,
				DB2CC134210F211C00AADDCF /* RBRenderHelper.cpp in Sources */,
				DB2CC137210F383100AADDCF /* Pong.cpp in Sources */,
				DB2CC159210F6E8400AADDCF /* main.m in Sources */,
				DBE89A91210A62790062B141 /* Game.cpp in Sources */,
			);
			runOnlyForDeploymentPostprocessing = 0;
		};
/* End PBXSourcesBuildPhase section */

/* Begin PBXVariantGroup section */
		DB90973E2112F95500968AC6 /* LaunchScreen.storyboard */ = {
			isa = PBXVariantGroup;
			children = (
				DB90973F2112F95500968AC6 /* Base */,
			);
			name = LaunchScreen.storyboard;
			sourceTree = "<group>";
		};
/* End PBXVariantGroup section */

/* Begin XCBuildConfiguration section */
		DB3083AA20545C5800971FCF /* Debug */ = {
			isa = XCBuildConfiguration;
			buildSettings = {
				ALWAYS_SEARCH_USER_PATHS = NO;
				CLANG_ANALYZER_NONNULL = YES;
				CLANG_ANALYZER_NUMBER_OBJECT_CONVERSION = YES_AGGRESSIVE;
				CLANG_CXX_LANGUAGE_STANDARD = "gnu++14";
				CLANG_CXX_LIBRARY = "libc++";
				CLANG_ENABLE_MODULES = YES;
				CLANG_ENABLE_OBJC_ARC = NO;
				CLANG_WARN_BLOCK_CAPTURE_AUTORELEASING = YES;
				CLANG_WARN_BOOL_CONVERSION = YES;
				CLANG_WARN_COMMA = YES;
				CLANG_WARN_CONSTANT_CONVERSION = YES;
				CLANG_WARN_DIRECT_OBJC_ISA_USAGE = YES_ERROR;
				CLANG_WARN_DOCUMENTATION_COMMENTS = YES;
				CLANG_WARN_EMPTY_BODY = YES;
				CLANG_WARN_ENUM_CONVERSION = YES;
				CLANG_WARN_INFINITE_RECURSION = YES;
				CLANG_WARN_INT_CONVERSION = YES;
				CLANG_WARN_NON_LITERAL_NULL_CONVERSION = YES;
				CLANG_WARN_OBJC_LITERAL_CONVERSION = YES;
				CLANG_WARN_OBJC_ROOT_CLASS = YES_ERROR;
				CLANG_WARN_RANGE_LOOP_ANALYSIS = YES;
				CLANG_WARN_STRICT_PROTOTYPES = YES;
				CLANG_WARN_SUSPICIOUS_MOVE = YES;
				CLANG_WARN_UNGUARDED_AVAILABILITY = YES_AGGRESSIVE;
				CLANG_WARN_UNREACHABLE_CODE = YES;
				CLANG_WARN__DUPLICATE_METHOD_MATCH = YES;
				CODE_SIGN_IDENTITY = "iPhone Developer";
				COPY_PHASE_STRIP = NO;
				DEBUG_INFORMATION_FORMAT = dwarf;
				ENABLE_STRICT_OBJC_MSGSEND = YES;
				ENABLE_TESTABILITY = YES;
				GCC_C_LANGUAGE_STANDARD = gnu11;
				GCC_DYNAMIC_NO_PIC = NO;
				GCC_NO_COMMON_BLOCKS = YES;
				GCC_OPTIMIZATION_LEVEL = 0;
				GCC_PREPROCESSOR_DEFINITIONS = "";
				GCC_WARN_64_TO_32_BIT_CONVERSION = YES;
				GCC_WARN_ABOUT_RETURN_TYPE = YES_ERROR;
				GCC_WARN_UNDECLARED_SELECTOR = YES;
				GCC_WARN_UNINITIALIZED_AUTOS = YES_AGGRESSIVE;
				GCC_WARN_UNUSED_FUNCTION = YES;
				GCC_WARN_UNUSED_VARIABLE = YES;
				IPHONEOS_DEPLOYMENT_TARGET = 11.2;
				MTL_ENABLE_DEBUG_INFO = YES;
				ONLY_ACTIVE_ARCH = YES;
				SDKROOT = iphoneos;
			};
			name = Debug;
		};
		DB3083AB20545C5800971FCF /* Release */ = {
			isa = XCBuildConfiguration;
			buildSettings = {
				ALWAYS_SEARCH_USER_PATHS = NO;
				CLANG_ANALYZER_NONNULL = YES;
				CLANG_ANALYZER_NUMBER_OBJECT_CONVERSION = YES_AGGRESSIVE;
				CLANG_CXX_LANGUAGE_STANDARD = "gnu++14";
				CLANG_CXX_LIBRARY = "libc++";
				CLANG_ENABLE_MODULES = YES;
				CLANG_ENABLE_OBJC_ARC = NO;
				CLANG_WARN_BLOCK_CAPTURE_AUTORELEASING = YES;
				CLANG_WARN_BOOL_CONVERSION = YES;
				CLANG_WARN_COMMA = YES;
				CLANG_WARN_CONSTANT_CONVERSION = YES;
				CLANG_WARN_DIRECT_OBJC_ISA_USAGE = YES_ERROR;
				CLANG_WARN_DOCUMENTATION_COMMENTS = YES;
				CLANG_WARN_EMPTY_BODY = YES;
				CLANG_WARN_ENUM_CONVERSION = YES;
				CLANG_WARN_INFINITE_RECURSION = YES;
				CLANG_WARN_INT_CONVERSION = YES;
				CLANG_WARN_NON_LITERAL_NULL_CONVERSION = YES;
				CLANG_WARN_OBJC_LITERAL_CONVERSION = YES;
				CLANG_WARN_OBJC_ROOT_CLASS = YES_ERROR;
				CLANG_WARN_RANGE_LOOP_ANALYSIS = YES;
				CLANG_WARN_STRICT_PROTOTYPES = YES;
				CLANG_WARN_SUSPICIOUS_MOVE = YES;
				CLANG_WARN_UNGUARDED_AVAILABILITY = YES_AGGRESSIVE;
				CLANG_WARN_UNREACHABLE_CODE = YES;
				CLANG_WARN__DUPLICATE_METHOD_MATCH = YES;
				CODE_SIGN_IDENTITY = "iPhone Developer";
				COPY_PHASE_STRIP = NO;
				DEBUG_INFORMATION_FORMAT = "dwarf-with-dsym";
				ENABLE_NS_ASSERTIONS = NO;
				ENABLE_STRICT_OBJC_MSGSEND = YES;
				GCC_C_LANGUAGE_STANDARD = gnu11;
				GCC_NO_COMMON_BLOCKS = YES;
				GCC_PREPROCESSOR_DEFINITIONS = "";
				GCC_WARN_64_TO_32_BIT_CONVERSION = YES;
				GCC_WARN_ABOUT_RETURN_TYPE = YES_ERROR;
				GCC_WARN_UNDECLARED_SELECTOR = YES;
				GCC_WARN_UNINITIALIZED_AUTOS = YES_AGGRESSIVE;
				GCC_WARN_UNUSED_FUNCTION = YES;
				GCC_WARN_UNUSED_VARIABLE = YES;
				IPHONEOS_DEPLOYMENT_TARGET = 11.2;
				MTL_ENABLE_DEBUG_INFO = NO;
				SDKROOT = iphoneos;
				VALIDATE_PRODUCT = YES;
			};
			name = Release;
		};
		DB30847F205514EC00971FCF /* Debug */ = {
			isa = XCBuildConfiguration;
			buildSettings = {
				ASSETCATALOG_COMPILER_APPICON_NAME = AppIcon;
				CLANG_ENABLE_OBJC_ARC = YES;
				CODE_SIGN_ENTITLEMENTS = "";
				CODE_SIGN_IDENTITY = "Mac Developer";
				CODE_SIGN_STYLE = Automatic;
				COMBINE_HIDPI_IMAGES = YES;
				DEVELOPMENT_TEAM = F46T393V5A;
				GCC_PREPROCESSOR_DEFINITIONS = "";
				HEADER_SEARCH_PATHS = "${PROJECT_DIR}/blaster";
				INFOPLIST_FILE = partI/Info.plist;
				LD_RUNPATH_SEARCH_PATHS = "$(inherited) @executable_path/../Frameworks";
				MACOSX_DEPLOYMENT_TARGET = 10.13;
				PRODUCT_BUNDLE_IDENTIFIER = "com.rogerboesch.opengl-partI";
				PRODUCT_NAME = "$(TARGET_NAME)";
				SDKROOT = macosx;
				USER_HEADER_SEARCH_PATHS = "";
			};
			name = Debug;
		};
		DB308480205514EC00971FCF /* Release */ = {
			isa = XCBuildConfiguration;
			buildSettings = {
				ASSETCATALOG_COMPILER_APPICON_NAME = AppIcon;
				CLANG_ENABLE_OBJC_ARC = YES;
				CODE_SIGN_ENTITLEMENTS = "";
				CODE_SIGN_IDENTITY = "Mac Developer";
				CODE_SIGN_STYLE = Automatic;
				COMBINE_HIDPI_IMAGES = YES;
				DEVELOPMENT_TEAM = F46T393V5A;
				GCC_PREPROCESSOR_DEFINITIONS = "";
				HEADER_SEARCH_PATHS = "${PROJECT_DIR}/blaster";
				INFOPLIST_FILE = partI/Info.plist;
				LD_RUNPATH_SEARCH_PATHS = "$(inherited) @executable_path/../Frameworks";
				MACOSX_DEPLOYMENT_TARGET = 10.13;
				PRODUCT_BUNDLE_IDENTIFIER = "com.rogerboesch.opengl-partI";
				PRODUCT_NAME = "$(TARGET_NAME)";
				SDKROOT = macosx;
				USER_HEADER_SEARCH_PATHS = "";
			};
			name = Release;
		};
		DB9097452112F95500968AC6 /* Debug */ = {
			isa = XCBuildConfiguration;
			buildSettings = {
				ASSETCATALOG_COMPILER_APPICON_NAME = AppIcon;
				CLANG_ENABLE_OBJC_ARC = YES;
				CLANG_ENABLE_OBJC_WEAK = YES;
				CLANG_WARN_DEPRECATED_OBJC_IMPLEMENTATIONS = YES;
				CLANG_WARN_OBJC_IMPLICIT_RETAIN_SELF = YES;
				CODE_SIGN_STYLE = Automatic;
				DEVELOPMENT_TEAM = F46T393V5A;
				GCC_PREPROCESSOR_DEFINITIONS = (
					"DEBUG=1",
					"$(inherited)",
				);
				INFOPLIST_FILE = partIII/Info.plist;
				IPHONEOS_DEPLOYMENT_TARGET = 11.3;
				LD_RUNPATH_SEARCH_PATHS = "$(inherited) @executable_path/Frameworks";
				PRODUCT_BUNDLE_IDENTIFIER = com.rogerboesch.partIII;
				PRODUCT_NAME = "$(TARGET_NAME)";
				TARGETED_DEVICE_FAMILY = "1,2";
			};
			name = Debug;
		};
		DB9097462112F95500968AC6 /* Release */ = {
			isa = XCBuildConfiguration;
			buildSettings = {
				ASSETCATALOG_COMPILER_APPICON_NAME = AppIcon;
				CLANG_ENABLE_OBJC_ARC = YES;
				CLANG_ENABLE_OBJC_WEAK = YES;
				CLANG_WARN_DEPRECATED_OBJC_IMPLEMENTATIONS = YES;
				CLANG_WARN_OBJC_IMPLICIT_RETAIN_SELF = YES;
				CODE_SIGN_STYLE = Automatic;
				DEVELOPMENT_TEAM = F46T393V5A;
				INFOPLIST_FILE = partIII/Info.plist;
				IPHONEOS_DEPLOYMENT_TARGET = 11.3;
				LD_RUNPATH_SEARCH_PATHS = "$(inherited) @executable_path/Frameworks";
				PRODUCT_BUNDLE_IDENTIFIER = com.rogerboesch.partIII;
				PRODUCT_NAME = "$(TARGET_NAME)";
				TARGETED_DEVICE_FAMILY = "1,2";
			};
			name = Release;
		};
		DBE89A8A210A62100062B141 /* Debug */ = {
			isa = XCBuildConfiguration;
			buildSettings = {
				ASSETCATALOG_COMPILER_APPICON_NAME = AppIcon;
				CLANG_ENABLE_OBJC_ARC = YES;
				CLANG_ENABLE_OBJC_WEAK = YES;
				CLANG_WARN_DEPRECATED_OBJC_IMPLEMENTATIONS = YES;
				CLANG_WARN_OBJC_IMPLICIT_RETAIN_SELF = YES;
				CODE_SIGN_ENTITLEMENTS = "";
				CODE_SIGN_IDENTITY = "Mac Developer";
				CODE_SIGN_STYLE = Automatic;
				COMBINE_HIDPI_IMAGES = YES;
				DEVELOPMENT_TEAM = F46T393V5A;
				GCC_PREPROCESSOR_DEFINITIONS = (
					"DEBUG=1",
					"$(inherited)",
				);
				INFOPLIST_FILE = partII/Info.plist;
				LD_RUNPATH_SEARCH_PATHS = "$(inherited) @executable_path/../Frameworks";
				MACOSX_DEPLOYMENT_TARGET = 10.13;
				PRODUCT_BUNDLE_IDENTIFIER = com.rogerboesch.partII;
				PRODUCT_NAME = "$(TARGET_NAME)";
				SDKROOT = macosx;
			};
			name = Debug;
		};
		DBE89A8B210A62100062B141 /* Release */ = {
			isa = XCBuildConfiguration;
			buildSettings = {
				ASSETCATALOG_COMPILER_APPICON_NAME = AppIcon;
				CLANG_ENABLE_OBJC_ARC = YES;
				CLANG_ENABLE_OBJC_WEAK = YES;
				CLANG_WARN_DEPRECATED_OBJC_IMPLEMENTATIONS = YES;
				CLANG_WARN_OBJC_IMPLICIT_RETAIN_SELF = YES;
				CODE_SIGN_ENTITLEMENTS = "";
				CODE_SIGN_IDENTITY = "Mac Developer";
				CODE_SIGN_STYLE = Automatic;
				COMBINE_HIDPI_IMAGES = YES;
				DEVELOPMENT_TEAM = F46T393V5A;
				INFOPLIST_FILE = partII/Info.plist;
				LD_RUNPATH_SEARCH_PATHS = "$(inherited) @executable_path/../Frameworks";
				MACOSX_DEPLOYMENT_TARGET = 10.13;
				PRODUCT_BUNDLE_IDENTIFIER = com.rogerboesch.partII;
				PRODUCT_NAME = "$(TARGET_NAME)";
				SDKROOT = macosx;
			};
			name = Release;
		};
/* End XCBuildConfiguration section */

/* Begin XCConfigurationList section */
		DB30839120545C5800971FCF /* Build configuration list for PBXProject "opengl" */ = {
			isa = XCConfigurationList;
			buildConfigurations = (
				DB3083AA20545C5800971FCF /* Debug */,
				DB3083AB20545C5800971FCF /* Release */,
			);
			defaultConfigurationIsVisible = 0;
			defaultConfigurationName = Release;
		};
		DB30847E205514EC00971FCF /* Build configuration list for PBXNativeTarget "partI" */ = {
			isa = XCConfigurationList;
			buildConfigurations = (
				DB30847F205514EC00971FCF /* Debug */,
				DB308480205514EC00971FCF /* Release */,
			);
			defaultConfigurationIsVisible = 0;
			defaultConfigurationName = Release;
		};
		DB9097442112F95500968AC6 /* Build configuration list for PBXNativeTarget "partIII" */ = {
			isa = XCConfigurationList;
			buildConfigurations = (
				DB9097452112F95500968AC6 /* Debug */,
				DB9097462112F95500968AC6 /* Release */,
			);
			defaultConfigurationIsVisible = 0;
			defaultConfigurationName = Release;
		};
		DBE89A89210A62100062B141 /* Build configuration list for PBXNativeTarget "partII" */ = {
			isa = XCConfigurationList;
			buildConfigurations = (
				DBE89A8A210A62100062B141 /* Debug */,
				DBE89A8B210A62100062B141 /* Release */,
			);
			defaultConfigurationIsVisible = 0;
			defaultConfigurationName = Release;
		};
/* End XCConfigurationList section */
	};
	rootObject = DB30838E20545C5800971FCF /* Project object */;
}
